
Microsoft Visual Studio Solution File, Format Version 12.00
# Visual Studio Version 17
VisualStudioVersion = 17.4.33403.182
MinimumVisualStudioVersion = 10.0.40219.1
Project("{FAE04EC0-301F-11D3-BF4B-00C04F79EFBC}") = "Skiverleih", "Skiverleih.csproj", "{1C5B7782-5921-4CA2-81E6-524F4096A7FC}"
EndProject
Global
	GlobalSection(SolutionConfigurationPlatforms) = preSolution
		Debug|Any CPU = Debug|Any CPU
		Release|Any CPU = Release|Any CPU
	EndGlobalSection
	GlobalSection(ProjectConfigurationPlatforms) = postSolution
		{1C5B7782-5921-4CA2-81E6-524F4096A7FC}.Debug|Any CPU.ActiveCfg = Debug|Any CPU
		{1C5B7782-5921-4CA2-81E6-524F4096A7FC}.Debug|Any CPU.Build.0 = Debug|Any CPU
		{1C5B7782-5921-4CA2-81E6-524F4096A7FC}.Release|Any CPU.ActiveCfg = Release|Any CPU
		{1C5B7782-5921-4CA2-81E6-524F4096A7FC}.Release|Any CPU.Build.0 = Release|Any CPU
	EndGlobalSection
	GlobalSection(SolutionProperties) = preSolution
		HideSolutionNode = FALSE
	EndGlobalSection
	GlobalSection(ExtensibilityGlobals) = postSolution
		SolutionGuid = {E0352C90-B876-4002-BC44-698D188A89DB}
	EndGlobalSection
EndGlobal
